github.com/bill-rich/go-screeps v0.0.0-20201015072124-6e2f19640b2c h1:jn9l/dFKr3jRMttsXQk4sxGYzqK7HAUjB8XhC0c429Y=
github.com/bill-rich/go-screeps v0.0.0-20201015072124-6e2f19640b2c/go.mod h1:VMbouWEjeONor2MHrTj1NVZ/sn9cyGqwSTlXjbgGOE0=
github.com/gopherjs/gopherjs v0.0.0-20200217142428-fce0ec30dd00 h1:l5lAOZEym3oK3SQ2HBHWsJUfbNBiTXJDeW2QDxw9AQ0=
github.com/gopherjs/gopherjs v0.0.0-20200217142428-fce0ec30dd00/go.mod h1:wJfORRmW1u3UXTncJ5qlYoELFm8eSnnEO6hX4iZ3EWY=
